
Microsoft Visual Studio Solution File, Format Version 12.00
# Visual Studio Version 17
VisualStudioVersion = 17.8.34330.188
MinimumVisualStudioVersion = 10.0.40219.1
Project("{FAE04EC0-301F-11D3-BF4B-00C04F79EFBC}") = "CNet", "CNet\CNet.csproj", "{DB42AF1C-BCCB-4236-B3A8-21E02AAB34F1}"
EndProject
Project("{FAE04EC0-301F-11D3-BF4B-00C04F79EFBC}") = "TestServer", "CNet-Tests\TestServer\TestServer.csproj", "{36EC6B65-5C12-42F8-B64D-400CF5C13DA8}"
EndProject
Project("{FAE04EC0-301F-11D3-BF4B-00C04F79EFBC}") = "TestClient", "CNet-Tests\TestClient\TestClient.csproj", "{7948F346-BE57-4C9A-933D-BC09A1CFA604}"
EndProject
Global
	GlobalSection(SolutionConfigurationPlatforms) = preSolution
		Debug|Any CPU = Debug|Any CPU
		Release|Any CPU = Release|Any CPU
	EndGlobalSection
	GlobalSection(ProjectConfigurationPlatforms) = postSolution
		{DB42AF1C-BCCB-4236-B3A8-21E02AAB34F1}.Debug|Any CPU.ActiveCfg = Debug|Any CPU
		{DB42AF1C-BCCB-4236-B3A8-21E02AAB34F1}.Debug|Any CPU.Build.0 = Debug|Any CPU
		{DB42AF1C-BCCB-4236-B3A8-21E02AAB34F1}.Release|Any CPU.ActiveCfg = Release|Any CPU
		{DB42AF1C-BCCB-4236-B3A8-21E02AAB34F1}.Release|Any CPU.Build.0 = Release|Any CPU
		{36EC6B65-5C12-42F8-B64D-400CF5C13DA8}.Debug|Any CPU.ActiveCfg = Debug|Any CPU
		{36EC6B65-5C12-42F8-B64D-400CF5C13DA8}.Debug|Any CPU.Build.0 = Debug|Any CPU
		{36EC6B65-5C12-42F8-B64D-400CF5C13DA8}.Release|Any CPU.ActiveCfg = Release|Any CPU
		{36EC6B65-5C12-42F8-B64D-400CF5C13DA8}.Release|Any CPU.Build.0 = Release|Any CPU
		{7948F346-BE57-4C9A-933D-BC09A1CFA604}.Debug|Any CPU.ActiveCfg = Debug|Any CPU
		{7948F346-BE57-4C9A-933D-BC09A1CFA604}.Debug|Any CPU.Build.0 = Debug|Any CPU
		{7948F346-BE57-4C9A-933D-BC09A1CFA604}.Release|Any CPU.ActiveCfg = Release|Any CPU
		{7948F346-BE57-4C9A-933D-BC09A1CFA604}.Release|Any CPU.Build.0 = Release|Any CPU
		{64BE9FF3-E7C7-450C-B9BD-0F230E14F836}.Debug|Any CPU.ActiveCfg = Debug|Any CPU
		{64BE9FF3-E7C7-450C-B9BD-0F230E14F836}.Debug|Any CPU.Build.0 = Debug|Any CPU
		{64BE9FF3-E7C7-450C-B9BD-0F230E14F836}.Release|Any CPU.ActiveCfg = Release|Any CPU
		{64BE9FF3-E7C7-450C-B9BD-0F230E14F836}.Release|Any CPU.Build.0 = Release|Any CPU
	EndGlobalSection
	GlobalSection(SolutionProperties) = preSolution
		HideSolutionNode = FALSE
	EndGlobalSection
	GlobalSection(ExtensibilityGlobals) = postSolution
		SolutionGuid = {19B5F549-3867-44E0-BA0B-AD80E9EC22EA}
	EndGlobalSection
EndGlobal
