Microsoft Visual Studio Solution File, Format Version 12.00
# Visual Studio Version 17
VisualStudioVersion = 17.5.2.0
MinimumVisualStudioVersion = 10.0.40219.1
Project("{FAE04EC0-301F-11D3-BF4B-00C04F79EFBC}") = "CNet", "CNet.csproj", "{D84B1B3C-2E03-AFDF-6EB8-B06EB66CBED0}"
EndProject
Global
	GlobalSection(SolutionConfigurationPlatforms) = preSolution
		Debug|Any CPU = Debug|Any CPU
		Release|Any CPU = Release|Any CPU
	EndGlobalSection
	GlobalSection(ProjectConfigurationPlatforms) = postSolution
		{D84B1B3C-2E03-AFDF-6EB8-B06EB66CBED0}.Debug|Any CPU.ActiveCfg = Debug|Any CPU
		{D84B1B3C-2E03-AFDF-6EB8-B06EB66CBED0}.Debug|Any CPU.Build.0 = Debug|Any CPU
		{D84B1B3C-2E03-AFDF-6EB8-B06EB66CBED0}.Release|Any CPU.ActiveCfg = Release|Any CPU
		{D84B1B3C-2E03-AFDF-6EB8-B06EB66CBED0}.Release|Any CPU.Build.0 = Release|Any CPU
	EndGlobalSection
	GlobalSection(SolutionProperties) = preSolution
		HideSolutionNode = FALSE
	EndGlobalSection
	GlobalSection(ExtensibilityGlobals) = postSolution
		SolutionGuid = {33BCD49D-B352-4C70-8A7C-27C1279CC8EB}
	EndGlobalSection
EndGlobal
